{
  "originHash" : "56c05415098e6abaef3fea80cc209fd5fe856f001f4a5d9483ae6d5ad8bf954d",
  "pins" : [
    {
      "identity" : "carbonlog-swift-lib",
      "kind" : "remoteSourceControl",
      "location" : "https://github.com/thomasburguiere/carbonlog-swift-lib",
      "state" : {
        "branch" : "master",
        "revision" : "d4dc5c3581900075728ed437c8e91719ddab550b"
      }
    },
    {
      "identity" : "swift-argument-parser",
      "kind" : "remoteSourceControl",
      "location" : "https://github.com/apple/swift-argument-parser",
      "state" : {
        "revision" : "41982a3656a71c768319979febd796c6fd111d5c",
        "version" : "1.5.0"
      }
    }
  ],
  "version" : 3
}
