{
  "originHash" : "d148ba1a58ae35d94d41e89c2b5ddf5527b5a577df6df6e990bd61ad38820dcf",
  "pins" : [
    {
      "identity" : "carbonlog-swift-lib",
      "kind" : "remoteSourceControl",
      "location" : "https://github.com/thomasburguiere/carbonlog-swift-lib",
      "state" : {
        "revision" : "2071b6fe1ac937ec6f52e60b5fd9e7c699342a77",
        "version" : "0.3.0"
      }
    },
    {
      "identity" : "swift-argument-parser",
      "kind" : "remoteSourceControl",
      "location" : "https://github.com/apple/swift-argument-parser",
      "state" : {
        "revision" : "6a52f3251125d74daf04fcbd5e6f08a75d074382",
        "version" : "1.8.2"
      }
    }
  ],
  "version" : 3
}
