{
  "originHash" : "de49411e07f817539adfff56e052b683c86ffacf85f1eca7d912b20344de36a2",
  "pins" : [
    {
      "identity" : "carbonlog-swift-lib",
      "kind" : "remoteSourceControl",
      "location" : "https://github.com/thomasburguiere/carbonlog-swift-lib",
      "state" : {
        "revision" : "2f7c46a62049c5e1b284c21f216b45b9333e2b37",
        "version" : "0.1.0"
      }
    },
    {
      "identity" : "swift-argument-parser",
      "kind" : "remoteSourceControl",
      "location" : "https://github.com/apple/swift-argument-parser",
      "state" : {
        "revision" : "41982a3656a71c768319979febd796c6fd111d5c",
        "version" : "1.5.0"
      }
    }
  ],
  "version" : 3
}
